
Microsoft Visual Studio Solution File, Format Version 12.00
# Visual Studio Version 17
VisualStudioVersion = 17.0.32112.339
MinimumVisualStudioVersion = 10.0.40219.1
Project("{9A19103F-16F7-4668-BE54-9A1E7A4F7556}") = "EmployeeManagementWebApp", "EmployeeManagementWebApp\EmployeeManagementWebApp.csproj", "{03862552-4A0B-4CC3-A1A5-6D769DD7782E}"
EndProject
Project("{2150E333-8FDC-42A3-9474-1A3956D46DE8}") = "Solution Items", "Solution Items", "{801A4348-99A7-48A9-A069-F990448383AF}"
	ProjectSection(SolutionItems) = preProject
		Divya1.cs = Divya1.cs
	EndProjectSection
EndProject
Project("{2150E333-8FDC-42A3-9474-1A3956D46DE8}") = "divya", "divya", "{6AA58603-452C-4303-826F-4D3CC42AE0BA}"
EndProject
Global
	GlobalSection(SolutionConfigurationPlatforms) = preSolution
		Debug|Any CPU = Debug|Any CPU
		Release|Any CPU = Release|Any CPU
	EndGlobalSection
	GlobalSection(ProjectConfigurationPlatforms) = postSolution
		{03862552-4A0B-4CC3-A1A5-6D769DD7782E}.Debug|Any CPU.ActiveCfg = Debug|Any CPU
		{03862552-4A0B-4CC3-A1A5-6D769DD7782E}.Debug|Any CPU.Build.0 = Debug|Any CPU
		{03862552-4A0B-4CC3-A1A5-6D769DD7782E}.Release|Any CPU.ActiveCfg = Release|Any CPU
		{03862552-4A0B-4CC3-A1A5-6D769DD7782E}.Release|Any CPU.Build.0 = Release|Any CPU
	EndGlobalSection
	GlobalSection(SolutionProperties) = preSolution
		HideSolutionNode = FALSE
	EndGlobalSection
	GlobalSection(ExtensibilityGlobals) = postSolution
		SolutionGuid = {59955E41-BBC4-4113-A785-D87E6F1E1582}
	EndGlobalSection
EndGlobal
